
Microsoft Visual Studio Solution File, Format Version 12.00
# Visual Studio Version 17
VisualStudioVersion = 17.9.34407.89
MinimumVisualStudioVersion = 10.0.40219.1
Project("{9A19103F-16F7-4668-BE54-9A1E7A4F7556}") = "Calc.Views", "Calc.Views\Calc.Views.csproj", "{88F8250D-897E-4BE6-A5FD-EB558545EFB2}"
EndProject
Project("{9A19103F-16F7-4668-BE54-9A1E7A4F7556}") = "Calc.Blazor", "Calc.Blazor\Calc.Blazor.csproj", "{6B6583E7-3B48-4969-BBF9-D7A76DCACB7A}"
EndProject
Project("{9A19103F-16F7-4668-BE54-9A1E7A4F7556}") = "Calc", "..\Calc\Calc\Calc.csproj", "{45D70DF0-F2B3-42B9-B19D-A8006FCD9D1C}"
EndProject
Project("{9A19103F-16F7-4668-BE54-9A1E7A4F7556}") = "Calc.Test", "..\Calc\Calc.Test\Calc.Test.csproj", "{AB3AB245-56AE-43E2-A444-14C06DADA1E4}"
EndProject
Global
	GlobalSection(SolutionConfigurationPlatforms) = preSolution
		Debug|Any CPU = Debug|Any CPU
		Release|Any CPU = Release|Any CPU
	EndGlobalSection
	GlobalSection(ProjectConfigurationPlatforms) = postSolution
		{88F8250D-897E-4BE6-A5FD-EB558545EFB2}.Debug|Any CPU.ActiveCfg = Debug|Any CPU
		{88F8250D-897E-4BE6-A5FD-EB558545EFB2}.Debug|Any CPU.Build.0 = Debug|Any CPU
		{88F8250D-897E-4BE6-A5FD-EB558545EFB2}.Release|Any CPU.ActiveCfg = Release|Any CPU
		{88F8250D-897E-4BE6-A5FD-EB558545EFB2}.Release|Any CPU.Build.0 = Release|Any CPU
		{6B6583E7-3B48-4969-BBF9-D7A76DCACB7A}.Debug|Any CPU.ActiveCfg = Debug|Any CPU
		{6B6583E7-3B48-4969-BBF9-D7A76DCACB7A}.Debug|Any CPU.Build.0 = Debug|Any CPU
		{6B6583E7-3B48-4969-BBF9-D7A76DCACB7A}.Release|Any CPU.ActiveCfg = Release|Any CPU
		{6B6583E7-3B48-4969-BBF9-D7A76DCACB7A}.Release|Any CPU.Build.0 = Release|Any CPU
		{45D70DF0-F2B3-42B9-B19D-A8006FCD9D1C}.Debug|Any CPU.ActiveCfg = Debug|Any CPU
		{45D70DF0-F2B3-42B9-B19D-A8006FCD9D1C}.Debug|Any CPU.Build.0 = Debug|Any CPU
		{45D70DF0-F2B3-42B9-B19D-A8006FCD9D1C}.Release|Any CPU.ActiveCfg = Release|Any CPU
		{45D70DF0-F2B3-42B9-B19D-A8006FCD9D1C}.Release|Any CPU.Build.0 = Release|Any CPU
		{AB3AB245-56AE-43E2-A444-14C06DADA1E4}.Debug|Any CPU.ActiveCfg = Debug|Any CPU
		{AB3AB245-56AE-43E2-A444-14C06DADA1E4}.Debug|Any CPU.Build.0 = Debug|Any CPU
		{AB3AB245-56AE-43E2-A444-14C06DADA1E4}.Release|Any CPU.ActiveCfg = Release|Any CPU
		{AB3AB245-56AE-43E2-A444-14C06DADA1E4}.Release|Any CPU.Build.0 = Release|Any CPU
	EndGlobalSection
	GlobalSection(SolutionProperties) = preSolution
		HideSolutionNode = FALSE
	EndGlobalSection
	GlobalSection(ExtensibilityGlobals) = postSolution
		SolutionGuid = {22CCBD45-C444-419D-9754-5088D85A8984}
	EndGlobalSection
EndGlobal
